{
  "name": "6a06cf38b325489e",
  "lockfileVersion": 3,
  "requires": true,
  "packages": {
    "": {
      "dependencies": {
        "caveman-installer": "github:JuliusBrussee/caveman#0d95a81d35a9"
      }
    },
    "node_modules/caveman-installer": {
      "version": "0.1.0",
      "resolved": "git+ssh://git@github.com/JuliusBrussee/caveman.git#0d95a81d35a9f2d123a5e9430d1cfc43d55f1bb0",
      "license": "MIT",
      "bin": {
        "caveman": "bin/install.js"
      },
      "engines": {
        "node": ">=18"
      }
    }
  }
}
